
Microsoft Visual Studio Solution File, Format Version 12.00
# Visual Studio Version 17
VisualStudioVersion = 17.11.35219.272
MinimumVisualStudioVersion = 10.0.40219.1
Project("{9A19103F-16F7-4668-BE54-9A1E7A4F7556}") = "Server", "Server\Server.csproj", "{177EBB78-B383-4B6C-A91F-871A7828A56C}"
EndProject
Project("{9A19103F-16F7-4668-BE54-9A1E7A4F7556}") = "ElectroDepotClassLibrary", "ElectroDepotClassLibrary\ElectroDepotClassLibrary.csproj", "{27D94DEE-0907-4BD3-9689-03B6C2D29083}"
EndProject
Project("{9A19103F-16F7-4668-BE54-9A1E7A4F7556}") = "ElectroDepotClassLibraryTests", "ElectroDepotClassLibraryTests\ElectroDepotClassLibraryTests.csproj", "{2920F08B-A41D-4789-8A9A-2B5C91807C2D}"
EndProject
Project("{9A19103F-16F7-4668-BE54-9A1E7A4F7556}") = "DesktopClient", "DesktopClient\DesktopClient.csproj", "{A852E87E-38D3-4E77-A176-D4A6CBC668FD}"
EndProject
Project("{930C7802-8A8C-48F9-8165-68863BCCD9DD}") = "DesktopClientInstaller", "DesktopClientInstaller\DesktopClientInstaller.wixproj", "{244077D6-EE3D-4FF4-B468-4521BCF304CF}"
EndProject
Project("{E53339B2-1760-4266-BCC7-CA923CBCF16C}") = "docker-compose", "docker-compose.dcproj", "{81DDED9D-158B-E303-5F62-77A2896D2A5A}"
EndProject
Project("{FAE04EC0-301F-11D3-BF4B-00C04F79EFBC}") = "WebClient", "WebClient\WebClient.csproj", "{D5699880-2CBD-429E-ADA2-9EEDAB143112}"
EndProject
Global
	GlobalSection(SolutionConfigurationPlatforms) = preSolution
		Debug|Any CPU = Debug|Any CPU
		Debug|x64 = Debug|x64
		Debug|x86 = Debug|x86
		Release|Any CPU = Release|Any CPU
		Release|x64 = Release|x64
		Release|x86 = Release|x86
	EndGlobalSection
	GlobalSection(ProjectConfigurationPlatforms) = postSolution
		{177EBB78-B383-4B6C-A91F-871A7828A56C}.Debug|Any CPU.ActiveCfg = Debug|Any CPU
		{177EBB78-B383-4B6C-A91F-871A7828A56C}.Debug|Any CPU.Build.0 = Debug|Any CPU
		{177EBB78-B383-4B6C-A91F-871A7828A56C}.Debug|x64.ActiveCfg = Debug|Any CPU
		{177EBB78-B383-4B6C-A91F-871A7828A56C}.Debug|x64.Build.0 = Debug|Any CPU
		{177EBB78-B383-4B6C-A91F-871A7828A56C}.Debug|x86.ActiveCfg = Debug|Any CPU
		{177EBB78-B383-4B6C-A91F-871A7828A56C}.Debug|x86.Build.0 = Debug|Any CPU
		{177EBB78-B383-4B6C-A91F-871A7828A56C}.Release|Any CPU.ActiveCfg = Release|Any CPU
		{177EBB78-B383-4B6C-A91F-871A7828A56C}.Release|Any CPU.Build.0 = Release|Any CPU
		{177EBB78-B383-4B6C-A91F-871A7828A56C}.Release|x64.ActiveCfg = Release|Any CPU
		{177EBB78-B383-4B6C-A91F-871A7828A56C}.Release|x64.Build.0 = Release|Any CPU
		{177EBB78-B383-4B6C-A91F-871A7828A56C}.Release|x86.ActiveCfg = Release|Any CPU
		{177EBB78-B383-4B6C-A91F-871A7828A56C}.Release|x86.Build.0 = Release|Any CPU
		{27D94DEE-0907-4BD3-9689-03B6C2D29083}.Debug|Any CPU.ActiveCfg = Debug|Any CPU
		{27D94DEE-0907-4BD3-9689-03B6C2D29083}.Debug|Any CPU.Build.0 = Debug|Any CPU
		{27D94DEE-0907-4BD3-9689-03B6C2D29083}.Debug|x64.ActiveCfg = Debug|Any CPU
		{27D94DEE-0907-4BD3-9689-03B6C2D29083}.Debug|x64.Build.0 = Debug|Any CPU
		{27D94DEE-0907-4BD3-9689-03B6C2D29083}.Debug|x86.ActiveCfg = Debug|Any CPU
		{27D94DEE-0907-4BD3-9689-03B6C2D29083}.Debug|x86.Build.0 = Debug|Any CPU
		{27D94DEE-0907-4BD3-9689-03B6C2D29083}.Release|Any CPU.ActiveCfg = Release|Any CPU
		{27D94DEE-0907-4BD3-9689-03B6C2D29083}.Release|Any CPU.Build.0 = Release|Any CPU
		{27D94DEE-0907-4BD3-9689-03B6C2D29083}.Release|x64.ActiveCfg = Release|Any CPU
		{27D94DEE-0907-4BD3-9689-03B6C2D29083}.Release|x64.Build.0 = Release|Any CPU
		{27D94DEE-0907-4BD3-9689-03B6C2D29083}.Release|x86.ActiveCfg = Release|Any CPU
		{27D94DEE-0907-4BD3-9689-03B6C2D29083}.Release|x86.Build.0 = Release|Any CPU
		{2920F08B-A41D-4789-8A9A-2B5C91807C2D}.Debug|Any CPU.ActiveCfg = Debug|Any CPU
		{2920F08B-A41D-4789-8A9A-2B5C91807C2D}.Debug|Any CPU.Build.0 = Debug|Any CPU
		{2920F08B-A41D-4789-8A9A-2B5C91807C2D}.Debug|x64.ActiveCfg = Debug|Any CPU
		{2920F08B-A41D-4789-8A9A-2B5C91807C2D}.Debug|x64.Build.0 = Debug|Any CPU
		{2920F08B-A41D-4789-8A9A-2B5C91807C2D}.Debug|x86.ActiveCfg = Debug|Any CPU
		{2920F08B-A41D-4789-8A9A-2B5C91807C2D}.Debug|x86.Build.0 = Debug|Any CPU
		{2920F08B-A41D-4789-8A9A-2B5C91807C2D}.Release|Any CPU.ActiveCfg = Release|Any CPU
		{2920F08B-A41D-4789-8A9A-2B5C91807C2D}.Release|Any CPU.Build.0 = Release|Any CPU
		{2920F08B-A41D-4789-8A9A-2B5C91807C2D}.Release|x64.ActiveCfg = Release|Any CPU
		{2920F08B-A41D-4789-8A9A-2B5C91807C2D}.Release|x64.Build.0 = Release|Any CPU
		{2920F08B-A41D-4789-8A9A-2B5C91807C2D}.Release|x86.ActiveCfg = Release|Any CPU
		{2920F08B-A41D-4789-8A9A-2B5C91807C2D}.Release|x86.Build.0 = Release|Any CPU
		{A852E87E-38D3-4E77-A176-D4A6CBC668FD}.Debug|Any CPU.ActiveCfg = Debug|Any CPU
		{A852E87E-38D3-4E77-A176-D4A6CBC668FD}.Debug|Any CPU.Build.0 = Debug|Any CPU
		{A852E87E-38D3-4E77-A176-D4A6CBC668FD}.Debug|x64.ActiveCfg = Debug|Any CPU
		{A852E87E-38D3-4E77-A176-D4A6CBC668FD}.Debug|x64.Build.0 = Debug|Any CPU
		{A852E87E-38D3-4E77-A176-D4A6CBC668FD}.Debug|x86.ActiveCfg = Debug|Any CPU
		{A852E87E-38D3-4E77-A176-D4A6CBC668FD}.Debug|x86.Build.0 = Debug|Any CPU
		{A852E87E-38D3-4E77-A176-D4A6CBC668FD}.Release|Any CPU.ActiveCfg = Release|Any CPU
		{A852E87E-38D3-4E77-A176-D4A6CBC668FD}.Release|Any CPU.Build.0 = Release|Any CPU
		{A852E87E-38D3-4E77-A176-D4A6CBC668FD}.Release|x64.ActiveCfg = Release|Any CPU
		{A852E87E-38D3-4E77-A176-D4A6CBC668FD}.Release|x64.Build.0 = Release|Any CPU
		{A852E87E-38D3-4E77-A176-D4A6CBC668FD}.Release|x86.ActiveCfg = Release|Any CPU
		{A852E87E-38D3-4E77-A176-D4A6CBC668FD}.Release|x86.Build.0 = Release|Any CPU
		{244077D6-EE3D-4FF4-B468-4521BCF304CF}.Debug|Any CPU.ActiveCfg = Debug|x64
		{244077D6-EE3D-4FF4-B468-4521BCF304CF}.Debug|Any CPU.Build.0 = Debug|x64
		{244077D6-EE3D-4FF4-B468-4521BCF304CF}.Debug|x64.ActiveCfg = Debug|x64
		{244077D6-EE3D-4FF4-B468-4521BCF304CF}.Debug|x86.ActiveCfg = Debug|x86
		{244077D6-EE3D-4FF4-B468-4521BCF304CF}.Release|Any CPU.ActiveCfg = Release|x64
		{244077D6-EE3D-4FF4-B468-4521BCF304CF}.Release|Any CPU.Build.0 = Release|x64
		{244077D6-EE3D-4FF4-B468-4521BCF304CF}.Release|x64.ActiveCfg = Release|x64
		{244077D6-EE3D-4FF4-B468-4521BCF304CF}.Release|x86.ActiveCfg = Release|x86
		{81DDED9D-158B-E303-5F62-77A2896D2A5A}.Debug|Any CPU.ActiveCfg = Debug|Any CPU
		{81DDED9D-158B-E303-5F62-77A2896D2A5A}.Debug|Any CPU.Build.0 = Debug|Any CPU
		{81DDED9D-158B-E303-5F62-77A2896D2A5A}.Debug|x64.ActiveCfg = Debug|Any CPU
		{81DDED9D-158B-E303-5F62-77A2896D2A5A}.Debug|x64.Build.0 = Debug|Any CPU
		{81DDED9D-158B-E303-5F62-77A2896D2A5A}.Debug|x86.ActiveCfg = Debug|Any CPU
		{81DDED9D-158B-E303-5F62-77A2896D2A5A}.Debug|x86.Build.0 = Debug|Any CPU
		{81DDED9D-158B-E303-5F62-77A2896D2A5A}.Release|Any CPU.ActiveCfg = Release|Any CPU
		{81DDED9D-158B-E303-5F62-77A2896D2A5A}.Release|Any CPU.Build.0 = Release|Any CPU
		{81DDED9D-158B-E303-5F62-77A2896D2A5A}.Release|x64.ActiveCfg = Release|Any CPU
		{81DDED9D-158B-E303-5F62-77A2896D2A5A}.Release|x64.Build.0 = Release|Any CPU
		{81DDED9D-158B-E303-5F62-77A2896D2A5A}.Release|x86.ActiveCfg = Release|Any CPU
		{81DDED9D-158B-E303-5F62-77A2896D2A5A}.Release|x86.Build.0 = Release|Any CPU
		{D5699880-2CBD-429E-ADA2-9EEDAB143112}.Debug|Any CPU.ActiveCfg = Debug|Any CPU
		{D5699880-2CBD-429E-ADA2-9EEDAB143112}.Debug|Any CPU.Build.0 = Debug|Any CPU
		{D5699880-2CBD-429E-ADA2-9EEDAB143112}.Debug|x64.ActiveCfg = Debug|Any CPU
		{D5699880-2CBD-429E-ADA2-9EEDAB143112}.Debug|x64.Build.0 = Debug|Any CPU
		{D5699880-2CBD-429E-ADA2-9EEDAB143112}.Debug|x86.ActiveCfg = Debug|Any CPU
		{D5699880-2CBD-429E-ADA2-9EEDAB143112}.Debug|x86.Build.0 = Debug|Any CPU
		{D5699880-2CBD-429E-ADA2-9EEDAB143112}.Release|Any CPU.ActiveCfg = Release|Any CPU
		{D5699880-2CBD-429E-ADA2-9EEDAB143112}.Release|Any CPU.Build.0 = Release|Any CPU
		{D5699880-2CBD-429E-ADA2-9EEDAB143112}.Release|x64.ActiveCfg = Release|Any CPU
		{D5699880-2CBD-429E-ADA2-9EEDAB143112}.Release|x64.Build.0 = Release|Any CPU
		{D5699880-2CBD-429E-ADA2-9EEDAB143112}.Release|x86.ActiveCfg = Release|Any CPU
		{D5699880-2CBD-429E-ADA2-9EEDAB143112}.Release|x86.Build.0 = Release|Any CPU
	EndGlobalSection
	GlobalSection(SolutionProperties) = preSolution
		HideSolutionNode = FALSE
	EndGlobalSection
	GlobalSection(ExtensibilityGlobals) = postSolution
		SolutionGuid = {11910023-DC73-46FB-A067-940DF8237064}
	EndGlobalSection
EndGlobal
